
Microsoft Visual Studio Solution File, Format Version 12.00
# Visual Studio Version 17
VisualStudioVersion = 17.9.34622.214
MinimumVisualStudioVersion = 10.0.40219.1
Project("{FAE04EC0-301F-11D3-BF4B-00C04F79EFBC}") = "UniversityManagement", "UnivercityManagement\UniversityManagement.csproj", "{4899D62B-7387-4C79-BED6-71832E0E7A7E}"
EndProject
Global
	GlobalSection(SolutionConfigurationPlatforms) = preSolution
		Debug|Any CPU = Debug|Any CPU
		Release|Any CPU = Release|Any CPU
	EndGlobalSection
	GlobalSection(ProjectConfigurationPlatforms) = postSolution
		{4899D62B-7387-4C79-BED6-71832E0E7A7E}.Debug|Any CPU.ActiveCfg = Debug|Any CPU
		{4899D62B-7387-4C79-BED6-71832E0E7A7E}.Debug|Any CPU.Build.0 = Debug|Any CPU
		{4899D62B-7387-4C79-BED6-71832E0E7A7E}.Release|Any CPU.ActiveCfg = Release|Any CPU
		{4899D62B-7387-4C79-BED6-71832E0E7A7E}.Release|Any CPU.Build.0 = Release|Any CPU
	EndGlobalSection
	GlobalSection(SolutionProperties) = preSolution
		HideSolutionNode = FALSE
	EndGlobalSection
	GlobalSection(ExtensibilityGlobals) = postSolution
		SolutionGuid = {FAA25088-2025-4C5C-B045-1EA657582849}
	EndGlobalSection
EndGlobal
